// !$*UTF8*$!
{
	archiveVersion = 1;
	classes = {
	};
	objectVersion = 50;
	objects = {

/* Begin PBXBuildFile section */
		EC217D8820BCB815000ADDE3 /* ExcelData.cpp in Sources */ = {isa = PBXBuildFile; fileRef = EC217D8620BCB815000ADDE3 /* ExcelData.cpp */; };
		ECADF33420AD368400B77618 /* main.cpp in Sources */ = {isa = PBXBuildFile; fileRef = ECADF33320AD368400B77618 /* main.cpp */; };
		ECADF34620AD37F900B77618 /* ByteBuffer.cpp in Sources */ = {isa = PBXBuildFile; fileRef = ECADF34420AD37F900B77618 /* ByteBuffer.cpp */; };
		ECADF34A20AD384300B77618 /* SailingHeroPackager.cpp in Sources */ = {isa = PBXBuildFile; fileRef = ECADF34820AD384300B77618 /* SailingHeroPackager.cpp */; };
		ECADF34E20AD3A8F00B77618 /* ProjectPackagerBase.cpp in Sources */ = {isa = PBXBuildFile; fileRef = ECADF34C20AD3A8F00B77618 /* ProjectPackagerBase.cpp */; };
		ECADF35220AD3D9000B77618 /* DataSchema.cpp in Sources */ = {isa = PBXBuildFile; fileRef = ECADF35020AD3D9000B77618 /* DataSchema.cpp */; };
		ECADF35520AD3E6900B77618 /* LanguageData.cpp in Sources */ = {isa = PBXBuildFile; fileRef = ECADF35320AD3E6900B77618 /* LanguageData.cpp */; };
		ECADF35820AD408F00B77618 /* ReadCSV.cpp in Sources */ = {isa = PBXBuildFile; fileRef = ECADF35620AD408F00B77618 /* ReadCSV.cpp */; };
		ECADF35B20AD4E4E00B77618 /* LanguageWriter.cpp in Sources */ = {isa = PBXBuildFile; fileRef = ECADF35920AD4E4E00B77618 /* LanguageWriter.cpp */; };
		ECADF35E20AD54C400B77618 /* Utils.cpp in Sources */ = {isa = PBXBuildFile; fileRef = ECADF35C20AD54C400B77618 /* Utils.cpp */; };
/* End PBXBuildFile section */

/* Begin PBXCopyFilesBuildPhase section */
		ECADF32E20AD368400B77618 /* CopyFiles */ = {
			isa = PBXCopyFilesBuildPhase;
			buildActionMask = 2147483647;
			dstPath = /usr/share/man/man1/;
			dstSubfolderSpec = 0;
			files = (
			);
			runOnlyForDeploymentPostprocessing = 1;
		};
/* End PBXCopyFilesBuildPhase section */

/* Begin PBXFileReference section */
		EC217D8620BCB815000ADDE3 /* ExcelData.cpp */ = {isa = PBXFileReference; lastKnownFileType = sourcecode.cpp.cpp; path = ExcelData.cpp; sourceTree = "<group>"; };
		EC217D8720BCB815000ADDE3 /* ExcelData.hpp */ = {isa = PBXFileReference; lastKnownFileType = sourcecode.cpp.h; path = ExcelData.hpp; sourceTree = "<group>"; };
		ECADF33020AD368400B77618 /* ResourcePackager */ = {isa = PBXFileReference; explicitFileType = "compiled.mach-o.executable"; includeInIndex = 0; path = ResourcePackager; sourceTree = BUILT_PRODUCTS_DIR; };
		ECADF33320AD368400B77618 /* main.cpp */ = {isa = PBXFileReference; lastKnownFileType = sourcecode.cpp.cpp; path = main.cpp; sourceTree = "<group>"; };
		ECADF34420AD37F900B77618 /* ByteBuffer.cpp */ = {isa = PBXFileReference; fileEncoding = 4; lastKnownFileType = sourcecode.cpp.cpp; path = ByteBuffer.cpp; sourceTree = "<group>"; };
		ECADF34520AD37F900B77618 /* ByteBuffer.hpp */ = {isa = PBXFileReference; fileEncoding = 4; lastKnownFileType = sourcecode.cpp.h; path = ByteBuffer.hpp; sourceTree = "<group>"; };
		ECADF34820AD384300B77618 /* SailingHeroPackager.cpp */ = {isa = PBXFileReference; lastKnownFileType = sourcecode.cpp.cpp; path = SailingHeroPackager.cpp; sourceTree = "<group>"; };
		ECADF34920AD384300B77618 /* SailingHeroPackager.hpp */ = {isa = PBXFileReference; lastKnownFileType = sourcecode.cpp.h; path = SailingHeroPackager.hpp; sourceTree = "<group>"; };
		ECADF34C20AD3A8F00B77618 /* ProjectPackagerBase.cpp */ = {isa = PBXFileReference; lastKnownFileType = sourcecode.cpp.cpp; path = ProjectPackagerBase.cpp; sourceTree = "<group>"; };
		ECADF34D20AD3A8F00B77618 /* ProjectPackagerBase.hpp */ = {isa = PBXFileReference; lastKnownFileType = sourcecode.cpp.h; path = ProjectPackagerBase.hpp; sourceTree = "<group>"; };
		ECADF35020AD3D9000B77618 /* DataSchema.cpp */ = {isa = PBXFileReference; lastKnownFileType = sourcecode.cpp.cpp; path = DataSchema.cpp; sourceTree = "<group>"; };
		ECADF35120AD3D9000B77618 /* DataSchema.hpp */ = {isa = PBXFileReference; lastKnownFileType = sourcecode.cpp.h; path = DataSchema.hpp; sourceTree = "<group>"; };
		ECADF35320AD3E6900B77618 /* LanguageData.cpp */ = {isa = PBXFileReference; lastKnownFileType = sourcecode.cpp.cpp; path = LanguageData.cpp; sourceTree = "<group>"; };
		ECADF35420AD3E6900B77618 /* LanguageData.hpp */ = {isa = PBXFileReference; lastKnownFileType = sourcecode.cpp.h; path = LanguageData.hpp; sourceTree = "<group>"; };
		ECADF35620AD408F00B77618 /* ReadCSV.cpp */ = {isa = PBXFileReference; lastKnownFileType = sourcecode.cpp.cpp; path = ReadCSV.cpp; sourceTree = "<group>"; };
		ECADF35720AD408F00B77618 /* ReadCSV.hpp */ = {isa = PBXFileReference; lastKnownFileType = sourcecode.cpp.h; path = ReadCSV.hpp; sourceTree = "<group>"; };
		ECADF35920AD4E4E00B77618 /* LanguageWriter.cpp */ = {isa = PBXFileReference; lastKnownFileType = sourcecode.cpp.cpp; path = LanguageWriter.cpp; sourceTree = "<group>"; };
		ECADF35A20AD4E4E00B77618 /* LanguageWriter.hpp */ = {isa = PBXFileReference; lastKnownFileType = sourcecode.cpp.h; path = LanguageWriter.hpp; sourceTree = "<group>"; };
		ECADF35C20AD54C400B77618 /* Utils.cpp */ = {isa = PBXFileReference; lastKnownFileType = sourcecode.cpp.cpp; path = Utils.cpp; sourceTree = "<group>"; };
		ECADF35D20AD54C400B77618 /* Utils.hpp */ = {isa = PBXFileReference; lastKnownFileType = sourcecode.cpp.h; path = Utils.hpp; sourceTree = "<group>"; };
/* End PBXFileReference section */

/* Begin PBXFrameworksBuildPhase section */
		ECADF32D20AD368400B77618 /* Frameworks */ = {
			isa = PBXFrameworksBuildPhase;
			buildActionMask = 2147483647;
			files = (
			);
			runOnlyForDeploymentPostprocessing = 0;
		};
/* End PBXFrameworksBuildPhase section */

/* Begin PBXGroup section */
		ECADF32720AD368400B77618 = {
			isa = PBXGroup;
			children = (
				ECADF33220AD368400B77618 /* ResourcePackager */,
				ECADF33120AD368400B77618 /* Products */,
			);
			sourceTree = "<group>";
		};
		ECADF33120AD368400B77618 /* Products */ = {
			isa = PBXGroup;
			children = (
				ECADF33020AD368400B77618 /* ResourcePackager */,
			);
			name = Products;
			sourceTree = "<group>";
		};
		ECADF33220AD368400B77618 /* ResourcePackager */ = {
			isa = PBXGroup;
			children = (
				ECADF34F20AD3D6700B77618 /* Data */,
				ECADF34B20AD38AF00B77618 /* FileWrite */,
				ECADF34720AD381200B77618 /* ProjectPackager */,
				ECADF33A20AD379800B77618 /* FileReader */,
				ECADF33320AD368400B77618 /* main.cpp */,
			);
			path = ResourcePackager;
			sourceTree = "<group>";
		};
		ECADF33A20AD379800B77618 /* FileReader */ = {
			isa = PBXGroup;
			children = (
				ECADF34420AD37F900B77618 /* ByteBuffer.cpp */,
				ECADF34520AD37F900B77618 /* ByteBuffer.hpp */,
				ECADF35620AD408F00B77618 /* ReadCSV.cpp */,
				ECADF35720AD408F00B77618 /* ReadCSV.hpp */,
			);
			path = FileReader;
			sourceTree = "<group>";
		};
		ECADF34720AD381200B77618 /* ProjectPackager */ = {
			isa = PBXGroup;
			children = (
				ECADF34920AD384300B77618 /* SailingHeroPackager.hpp */,
				ECADF34820AD384300B77618 /* SailingHeroPackager.cpp */,
				ECADF34D20AD3A8F00B77618 /* ProjectPackagerBase.hpp */,
				ECADF34C20AD3A8F00B77618 /* ProjectPackagerBase.cpp */,
			);
			path = ProjectPackager;
			sourceTree = "<group>";
		};
		ECADF34B20AD38AF00B77618 /* FileWrite */ = {
			isa = PBXGroup;
			children = (
				ECADF35920AD4E4E00B77618 /* LanguageWriter.cpp */,
				ECADF35A20AD4E4E00B77618 /* LanguageWriter.hpp */,
				ECADF35C20AD54C400B77618 /* Utils.cpp */,
				ECADF35D20AD54C400B77618 /* Utils.hpp */,
			);
			path = FileWrite;
			sourceTree = "<group>";
		};
		ECADF34F20AD3D6700B77618 /* Data */ = {
			isa = PBXGroup;
			children = (
				ECADF35020AD3D9000B77618 /* DataSchema.cpp */,
				ECADF35120AD3D9000B77618 /* DataSchema.hpp */,
				ECADF35320AD3E6900B77618 /* LanguageData.cpp */,
				ECADF35420AD3E6900B77618 /* LanguageData.hpp */,
				EC217D8620BCB815000ADDE3 /* ExcelData.cpp */,
				EC217D8720BCB815000ADDE3 /* ExcelData.hpp */,
			);
			path = Data;
			sourceTree = "<group>";
		};
/* End PBXGroup section */

/* Begin PBXNativeTarget section */
		ECADF32F20AD368400B77618 /* ResourcePackager */ = {
			isa = PBXNativeTarget;
			buildConfigurationList = ECADF33720AD368400B77618 /* Build configuration list for PBXNativeTarget "ResourcePackager" */;
			buildPhases = (
				ECADF32C20AD368400B77618 /* Sources */,
				ECADF32D20AD368400B77618 /* Frameworks */,
				ECADF32E20AD368400B77618 /* CopyFiles */,
			);
			buildRules = (
			);
			dependencies = (
			);
			name = ResourcePackager;
			productName = ResourcePackager;
			productReference = ECADF33020AD368400B77618 /* ResourcePackager */;
			productType = "com.apple.product-type.tool";
		};
/* End PBXNativeTarget section */

/* Begin PBXProject section */
		ECADF32820AD368400B77618 /* Project object */ = {
			isa = PBXProject;
			attributes = {
				LastUpgradeCheck = 0930;
				ORGANIZATIONNAME = "Yujie Liu";
				TargetAttributes = {
					ECADF32F20AD368400B77618 = {
						CreatedOnToolsVersion = 9.3;
					};
				};
			};
			buildConfigurationList = ECADF32B20AD368400B77618 /* Build configuration list for PBXProject "ResourcePackager" */;
			compatibilityVersion = "Xcode 9.3";
			developmentRegion = en;
			hasScannedForEncodings = 0;
			knownRegions = (
				en,
			);
			mainGroup = ECADF32720AD368400B77618;
			productRefGroup = ECADF33120AD368400B77618 /* Products */;
			projectDirPath = "";
			projectRoot = "";
			targets = (
				ECADF32F20AD368400B77618 /* ResourcePackager */,
			);
		};
/* End PBXProject section */

/* Begin PBXSourcesBuildPhase section */
		ECADF32C20AD368400B77618 /* Sources */ = {
			isa = PBXSourcesBuildPhase;
			buildActionMask = 2147483647;
			files = (
				ECADF34E20AD3A8F00B77618 /* ProjectPackagerBase.cpp in Sources */,
				EC217D8820BCB815000ADDE3 /* ExcelData.cpp in Sources */,
				ECADF35520AD3E6900B77618 /* LanguageData.cpp in Sources */,
				ECADF34620AD37F900B77618 /* ByteBuffer.cpp in Sources */,
				ECADF35220AD3D9000B77618 /* DataSchema.cpp in Sources */,
				ECADF35E20AD54C400B77618 /* Utils.cpp in Sources */,
				ECADF35B20AD4E4E00B77618 /* LanguageWriter.cpp in Sources */,
				ECADF35820AD408F00B77618 /* ReadCSV.cpp in Sources */,
				ECADF33420AD368400B77618 /* main.cpp in Sources */,
				ECADF34A20AD384300B77618 /* SailingHeroPackager.cpp in Sources */,
			);
			runOnlyForDeploymentPostprocessing = 0;
		};
/* End PBXSourcesBuildPhase section */

/* Begin XCBuildConfiguration section */
		ECADF33520AD368400B77618 /* Debug */ = {
			isa = XCBuildConfiguration;
			buildSettings = {
				ALWAYS_SEARCH_USER_PATHS = NO;
				CLANG_ANALYZER_NONNULL = YES;
				CLANG_ANALYZER_NUMBER_OBJECT_CONVERSION = YES_AGGRESSIVE;
				CLANG_CXX_LANGUAGE_STANDARD = "gnu++14";
				CLANG_CXX_LIBRARY = "libc++";
				CLANG_ENABLE_MODULES = YES;
				CLANG_ENABLE_OBJC_ARC = YES;
				CLANG_ENABLE_OBJC_WEAK = YES;
				CLANG_WARN_BLOCK_CAPTURE_AUTORELEASING = YES;
				CLANG_WARN_BOOL_CONVERSION = YES;
				CLANG_WARN_COMMA = YES;
				CLANG_WARN_CONSTANT_CONVERSION = YES;
				CLANG_WARN_DEPRECATED_OBJC_IMPLEMENTATIONS = YES;
				CLANG_WARN_DIRECT_OBJC_ISA_USAGE = YES_ERROR;
				CLANG_WARN_DOCUMENTATION_COMMENTS = YES;
				CLANG_WARN_EMPTY_BODY = YES;
				CLANG_WARN_ENUM_CONVERSION = YES;
				CLANG_WARN_INFINITE_RECURSION = YES;
				CLANG_WARN_INT_CONVERSION = YES;
				CLANG_WARN_NON_LITERAL_NULL_CONVERSION = YES;
				CLANG_WARN_OBJC_IMPLICIT_RETAIN_SELF = YES;
				CLANG_WARN_OBJC_LITERAL_CONVERSION = YES;
				CLANG_WARN_OBJC_ROOT_CLASS = YES_ERROR;
				CLANG_WARN_RANGE_LOOP_ANALYSIS = YES;
				CLANG_WARN_STRICT_PROTOTYPES = YES;
				CLANG_WARN_SUSPICIOUS_MOVE = YES;
				CLANG_WARN_UNGUARDED_AVAILABILITY = YES_AGGRESSIVE;
				CLANG_WARN_UNREACHABLE_CODE = YES;
				CLANG_WARN__DUPLICATE_METHOD_MATCH = YES;
				CODE_SIGN_IDENTITY = "Mac Developer";
				COPY_PHASE_STRIP = NO;
				DEBUG_INFORMATION_FORMAT = dwarf;
				ENABLE_STRICT_OBJC_MSGSEND = YES;
				ENABLE_TESTABILITY = YES;
				GCC_C_LANGUAGE_STANDARD = gnu11;
				GCC_DYNAMIC_NO_PIC = NO;
				GCC_NO_COMMON_BLOCKS = YES;
				GCC_OPTIMIZATION_LEVEL = 0;
				GCC_PREPROCESSOR_DEFINITIONS = (
					"DEBUG=1",
					"$(inherited)",
				);
				GCC_WARN_64_TO_32_BIT_CONVERSION = YES;
				GCC_WARN_ABOUT_RETURN_TYPE = YES_ERROR;
				GCC_WARN_UNDECLARED_SELECTOR = YES;
				GCC_WARN_UNINITIALIZED_AUTOS = YES_AGGRESSIVE;
				GCC_WARN_UNUSED_FUNCTION = YES;
				GCC_WARN_UNUSED_VARIABLE = YES;
				MACOSX_DEPLOYMENT_TARGET = 10.13;
				MTL_ENABLE_DEBUG_INFO = YES;
				ONLY_ACTIVE_ARCH = YES;
				SDKROOT = macosx;
			};
			name = Debug;
		};
		ECADF33620AD368400B77618 /* Release */ = {
			isa = XCBuildConfiguration;
			buildSettings = {
				ALWAYS_SEARCH_USER_PATHS = NO;
				CLANG_ANALYZER_NONNULL = YES;
				CLANG_ANALYZER_NUMBER_OBJECT_CONVERSION = YES_AGGRESSIVE;
				CLANG_CXX_LANGUAGE_STANDARD = "gnu++14";
				CLANG_CXX_LIBRARY = "libc++";
				CLANG_ENABLE_MODULES = YES;
				CLANG_ENABLE_OBJC_ARC = YES;
				CLANG_ENABLE_OBJC_WEAK = YES;
				CLANG_WARN_BLOCK_CAPTURE_AUTORELEASING = YES;
				CLANG_WARN_BOOL_CONVERSION = YES;
				CLANG_WARN_COMMA = YES;
				CLANG_WARN_CONSTANT_CONVERSION = YES;
				CLANG_WARN_DEPRECATED_OBJC_IMPLEMENTATIONS = YES;
				CLANG_WARN_DIRECT_OBJC_ISA_USAGE = YES_ERROR;
				CLANG_WARN_DOCUMENTATION_COMMENTS = YES;
				CLANG_WARN_EMPTY_BODY = YES;
				CLANG_WARN_ENUM_CONVERSION = YES;
				CLANG_WARN_INFINITE_RECURSION = YES;
				CLANG_WARN_INT_CONVERSION = YES;
				CLANG_WARN_NON_LITERAL_NULL_CONVERSION = YES;
				CLANG_WARN_OBJC_IMPLICIT_RETAIN_SELF = YES;
				CLANG_WARN_OBJC_LITERAL_CONVERSION = YES;
				CLANG_WARN_OBJC_ROOT_CLASS = YES_ERROR;
				CLANG_WARN_RANGE_LOOP_ANALYSIS = YES;
				CLANG_WARN_STRICT_PROTOTYPES = YES;
				CLANG_WARN_SUSPICIOUS_MOVE = YES;
				CLANG_WARN_UNGUARDED_AVAILABILITY = YES_AGGRESSIVE;
				CLANG_WARN_UNREACHABLE_CODE = YES;
				CLANG_WARN__DUPLICATE_METHOD_MATCH = YES;
				CODE_SIGN_IDENTITY = "Mac Developer";
				COPY_PHASE_STRIP = NO;
				DEBUG_INFORMATION_FORMAT = "dwarf-with-dsym";
				ENABLE_NS_ASSERTIONS = NO;
				ENABLE_STRICT_OBJC_MSGSEND = YES;
				GCC_C_LANGUAGE_STANDARD = gnu11;
				GCC_NO_COMMON_BLOCKS = YES;
				GCC_WARN_64_TO_32_BIT_CONVERSION = YES;
				GCC_WARN_ABOUT_RETURN_TYPE = YES_ERROR;
				GCC_WARN_UNDECLARED_SELECTOR = YES;
				GCC_WARN_UNINITIALIZED_AUTOS = YES_AGGRESSIVE;
				GCC_WARN_UNUSED_FUNCTION = YES;
				GCC_WARN_UNUSED_VARIABLE = YES;
				MACOSX_DEPLOYMENT_TARGET = 10.13;
				MTL_ENABLE_DEBUG_INFO = NO;
				SDKROOT = macosx;
			};
			name = Release;
		};
		ECADF33820AD368400B77618 /* Debug */ = {
			isa = XCBuildConfiguration;
			buildSettings = {
				CODE_SIGN_STYLE = Automatic;
				DEVELOPMENT_TEAM = J6B37H3SRB;
				PRODUCT_NAME = "$(TARGET_NAME)";
			};
			name = Debug;
		};
		ECADF33920AD368400B77618 /* Release */ = {
			isa = XCBuildConfiguration;
			buildSettings = {
				CODE_SIGN_STYLE = Automatic;
				DEVELOPMENT_TEAM = J6B37H3SRB;
				PRODUCT_NAME = "$(TARGET_NAME)";
			};
			name = Release;
		};
/* End XCBuildConfiguration section */

/* Begin XCConfigurationList section */
		ECADF32B20AD368400B77618 /* Build configuration list for PBXProject "ResourcePackager" */ = {
			isa = XCConfigurationList;
			buildConfigurations = (
				ECADF33520AD368400B77618 /* Debug */,
				ECADF33620AD368400B77618 /* Release */,
			);
			defaultConfigurationIsVisible = 0;
			defaultConfigurationName = Release;
		};
		ECADF33720AD368400B77618 /* Build configuration list for PBXNativeTarget "ResourcePackager" */ = {
			isa = XCConfigurationList;
			buildConfigurations = (
				ECADF33820AD368400B77618 /* Debug */,
				ECADF33920AD368400B77618 /* Release */,
			);
			defaultConfigurationIsVisible = 0;
			defaultConfigurationName = Release;
		};
/* End XCConfigurationList section */
	};
	rootObject = ECADF32820AD368400B77618 /* Project object */;
}
