<?xml version="1.0" encoding="utf-8"?>
<Project ToolsVersion="4.0" xmlns="http://schemas.microsoft.com/developer/msbuild/2003">
  <ItemGroup>
    <Filter Include="win32">
      <UniqueIdentifier>{84a8ebd7-7cf0-47f6-b75e-d441df67da40}</UniqueIdentifier>
    </Filter>
    <Filter Include="resource">
      <UniqueIdentifier>{715254bc-d70b-4ec5-bf29-467dd3ace079}</UniqueIdentifier>
    </Filter>
    <Filter Include="src">
      <UniqueIdentifier>{bb6c862e-70e9-49d9-81b7-3829a6f50471}</UniqueIdentifier>
    </Filter>
    <Filter Include="deps">
      <UniqueIdentifier>{ca51fed4-d06e-4b25-8354-023bc8c8c4f8}</UniqueIdentifier>
    </Filter>
    <Filter Include="csv">
      <UniqueIdentifier>{ee33d485-6a88-4236-8a69-3fb1d1423854}</UniqueIdentifier>
    </Filter>
  </ItemGroup>
  <ItemGroup>
    <ClCompile Include="main.cpp">
      <Filter>win32</Filter>
    </ClCompile>
    <ClCompile Include="..\Classes\UIElement\Sprite\SHScene.cpp">
      <Filter>src</Filter>
    </ClCompile>
    <ClCompile Include="..\..\PlotEditor\SHPlotBuilder.cpp">
      <Filter>src</Filter>
    </ClCompile>
    <ClCompile Include="..\Classes\UIElement\Sprite\SHColorNode.cpp">
      <Filter>deps</Filter>
    </ClCompile>
    <ClCompile Include="..\Classes\UIElement\Button\SystemButton.cpp">
      <Filter>deps</Filter>
    </ClCompile>
    <ClCompile Include="..\Classes\UIElement\Sprite\SHSpriteListener.cpp">
      <Filter>deps</Filter>
    </ClCompile>
    <ClCompile Include="..\..\PlotEditor\SHDirector.cpp">
      <Filter>src</Filter>
    </ClCompile>
    <ClCompile Include="..\..\PlotEditor\SHScenario.cpp">
      <Filter>src</Filter>
    </ClCompile>
    <ClCompile Include="..\Classes\Sys\ByteBuffer.cpp">
      <Filter>deps</Filter>
    </ClCompile>
    <ClCompile Include="..\Classes\Sys\LocalizationHelper.cpp">
      <Filter>deps</Filter>
    </ClCompile>
    <ClCompile Include="..\..\PlotEditor\SHAppDelegate.cpp">
      <Filter>src</Filter>
    </ClCompile>
  </ItemGroup>
  <ItemGroup>
    <ClInclude Include="main.h">
      <Filter>win32</Filter>
    </ClInclude>
    <ClInclude Include="..\Classes\UIElement\Sprite\SHScene.hpp">
      <Filter>src</Filter>
    </ClInclude>
    <ClInclude Include="..\..\PlotEditor\SHPlotBuilder.h">
      <Filter>src</Filter>
    </ClInclude>
    <ClInclude Include="..\Classes\UIElement\Sprite\SHColorNode.hpp">
      <Filter>deps</Filter>
    </ClInclude>
    <ClInclude Include="..\..\PlotEditor\SHDirector.h">
      <Filter>src</Filter>
    </ClInclude>
    <ClInclude Include="..\..\PlotEditor\SHScenario.h">
      <Filter>src</Filter>
    </ClInclude>
    <ClInclude Include="..\..\PlotEditor\SHEvent.h">
      <Filter>src</Filter>
    </ClInclude>
    <ClInclude Include="..\Classes\Sys\LocalizationHelper.hpp">
      <Filter>deps</Filter>
    </ClInclude>
    <ClInclude Include="..\..\PlotEditor\SHAppDelegate.h">
      <Filter>src</Filter>
    </ClInclude>
  </ItemGroup>
  <ItemGroup>
    <ResourceCompile Include="game.rc">
      <Filter>resource</Filter>
    </ResourceCompile>
  </ItemGroup>
  <ItemGroup>
    <None Include="..\Resources\plot.csv">
      <Filter>csv</Filter>
    </None>
  </ItemGroup>
</Project>