<?xml version="1.0" encoding="utf-8"?>
<Project ToolsVersion="4.0" xmlns="http://schemas.microsoft.com/developer/msbuild/2003">
  <ItemGroup>
    <Filter Include="win32">
      <UniqueIdentifier>{84a8ebd7-7cf0-47f6-b75e-d441df67da40}</UniqueIdentifier>
    </Filter>
    <Filter Include="resource">
      <UniqueIdentifier>{715254bc-d70b-4ec5-bf29-467dd3ace079}</UniqueIdentifier>
    </Filter>
    <Filter Include="deps">
      <UniqueIdentifier>{ca51fed4-d06e-4b25-8354-023bc8c8c4f8}</UniqueIdentifier>
    </Filter>
    <Filter Include="csv_plot">
      <UniqueIdentifier>{ee33d485-6a88-4236-8a69-3fb1d1423854}</UniqueIdentifier>
    </Filter>
    <Filter Include="csv">
      <UniqueIdentifier>{fb2040a9-0674-4027-9cb5-e38cc20517be}</UniqueIdentifier>
    </Filter>
    <Filter Include="UI">
      <UniqueIdentifier>{fc269bce-8eb6-49a6-b8ef-c9c6020ff948}</UniqueIdentifier>
    </Filter>
    <Filter Include="csv_classes">
      <UniqueIdentifier>{9b13a7cc-d0d9-4f15-a0f9-bf1bec74b458}</UniqueIdentifier>
    </Filter>
    <Filter Include="SailingHeroAPI">
      <UniqueIdentifier>{bb6c862e-70e9-49d9-81b7-3829a6f50471}</UniqueIdentifier>
    </Filter>
  </ItemGroup>
  <ItemGroup>
    <ClCompile Include="main.cpp">
      <Filter>win32</Filter>
    </ClCompile>
    <ClCompile Include="..\..\PlotEditor\SHPlotBuilder.cpp">
      <Filter>SailingHeroAPI</Filter>
    </ClCompile>
    <ClCompile Include="..\Classes\UIElement\Sprite\SHColorNode.cpp">
      <Filter>deps</Filter>
    </ClCompile>
    <ClCompile Include="..\Classes\UIElement\Sprite\SHSpriteListener.cpp">
      <Filter>deps</Filter>
    </ClCompile>
    <ClCompile Include="..\..\PlotEditor\SHDirector.cpp">
      <Filter>SailingHeroAPI</Filter>
    </ClCompile>
    <ClCompile Include="..\..\PlotEditor\SHScenario.cpp">
      <Filter>SailingHeroAPI</Filter>
    </ClCompile>
    <ClCompile Include="..\Classes\Sys\ByteBuffer.cpp">
      <Filter>deps</Filter>
    </ClCompile>
    <ClCompile Include="..\Classes\Sys\LocalizationHelper.cpp">
      <Filter>deps</Filter>
    </ClCompile>
    <ClCompile Include="..\..\PlotEditor\SHAppDelegate.cpp">
      <Filter>SailingHeroAPI</Filter>
    </ClCompile>
    <ClCompile Include="..\Classes\UIElement\Sprite\SHScene.cpp">
      <Filter>deps</Filter>
    </ClCompile>
    <ClCompile Include="..\..\PlotEditor\GameData\Utils.cpp">
      <Filter>csv_classes</Filter>
    </ClCompile>
    <ClCompile Include="..\Classes\DataManager\GenerateData\AbilityData.cpp">
      <Filter>csv_classes</Filter>
    </ClCompile>
    <ClCompile Include="..\Classes\DataManager\GenerateData\CannonData.cpp">
      <Filter>csv_classes</Filter>
    </ClCompile>
    <ClCompile Include="..\Classes\DataManager\GenerateData\CategoryUpdateData.cpp">
      <Filter>csv_classes</Filter>
    </ClCompile>
    <ClCompile Include="..\Classes\DataManager\GenerateData\CityBuildingData.cpp">
      <Filter>csv_classes</Filter>
    </ClCompile>
    <ClCompile Include="..\Classes\DataManager\GenerateData\CityData.cpp">
      <Filter>csv_classes</Filter>
    </ClCompile>
    <ClCompile Include="..\Classes\DataManager\GenerateData\CityGoodsData.cpp">
      <Filter>csv_classes</Filter>
    </ClCompile>
    <ClCompile Include="..\Classes\DataManager\GenerateData\CityStatusData.cpp">
      <Filter>csv_classes</Filter>
    </ClCompile>
    <ClCompile Include="..\Classes\DataManager\GenerateData\CityTypeData.cpp">
      <Filter>csv_classes</Filter>
    </ClCompile>
    <ClCompile Include="..\Classes\DataManager\GenerateData\CultureData.cpp">
      <Filter>csv_classes</Filter>
    </ClCompile>
    <ClCompile Include="..\Classes\DataManager\GenerateData\DialogData.cpp">
      <Filter>csv_classes</Filter>
    </ClCompile>
    <ClCompile Include="..\Classes\DataManager\GenerateData\GameData.cpp">
      <Filter>csv_classes</Filter>
    </ClCompile>
    <ClCompile Include="..\Classes\DataManager\GenerateData\GenderData.cpp">
      <Filter>csv_classes</Filter>
    </ClCompile>
    <ClCompile Include="..\Classes\DataManager\GenerateData\GoodsCategoryData.cpp">
      <Filter>csv_classes</Filter>
    </ClCompile>
    <ClCompile Include="..\Classes\DataManager\GenerateData\GoodsData.cpp">
      <Filter>csv_classes</Filter>
    </ClCompile>
    <ClCompile Include="..\Classes\DataManager\GenerateData\GuildData.cpp">
      <Filter>csv_classes</Filter>
    </ClCompile>
    <ClCompile Include="..\Classes\DataManager\GenerateData\HeroData.cpp">
      <Filter>csv_classes</Filter>
    </ClCompile>
    <ClCompile Include="..\Classes\DataManager\GenerateData\HeroSelectData.cpp">
      <Filter>csv_classes</Filter>
    </ClCompile>
    <ClCompile Include="..\Classes\DataManager\GenerateData\ItemCategoryData.cpp">
      <Filter>csv_classes</Filter>
    </ClCompile>
    <ClCompile Include="..\Classes\DataManager\GenerateData\ItemData.cpp">
      <Filter>csv_classes</Filter>
    </ClCompile>
    <ClCompile Include="..\Classes\DataManager\GenerateData\SystemButtonData.cpp">
      <Filter>csv_classes</Filter>
    </ClCompile>
    <ClCompile Include="..\Classes\DataManager\GenerateData\TownPhotoData.cpp">
      <Filter>csv_classes</Filter>
    </ClCompile>
    <ClCompile Include="..\Classes\DataManager\GenerateData\ZodiacData.cpp">
      <Filter>csv_classes</Filter>
    </ClCompile>
    <ClCompile Include="..\..\PlotEditor\StringParser.cpp">
      <Filter>SailingHeroAPI</Filter>
    </ClCompile>
    <ClCompile Include="..\..\PlotEditor\SHPlotContext.cpp">
      <Filter>SailingHeroAPI</Filter>
    </ClCompile>
    <ClCompile Include="..\..\PlotEditor\UI\Button.cpp">
      <Filter>UI</Filter>
    </ClCompile>
    <ClCompile Include="..\..\PlotEditor\UI\Dialog.cpp">
      <Filter>UI</Filter>
    </ClCompile>
    <ClCompile Include="..\..\PlotEditor\UI\MultiSelectList.cpp">
      <Filter>UI</Filter>
    </ClCompile>
    <ClCompile Include="..\Classes\UIElement\Frame\HeroSelectingFrame.cpp">
      <Filter>deps</Filter>
    </ClCompile>
    <ClCompile Include="..\..\PlotEditor\UI\HeroSelectionScene.cpp">
      <Filter>UI</Filter>
    </ClCompile>
    <ClCompile Include="..\..\PlotEditor\SHSoundManager.cpp">
      <Filter>SailingHeroAPI</Filter>
    </ClCompile>
    <ClCompile Include="..\Classes\DataManager\GenerateData\SHDataManager.cpp">
      <Filter>SailingHeroAPI</Filter>
    </ClCompile>
    <ClCompile Include="..\Classes\DataManager\GenerateData\AreaData.cpp">
      <Filter>csv_classes</Filter>
    </ClCompile>
    <ClCompile Include="..\Classes\DataManager\GenerateData\GoodsBasePriceData.cpp">
      <Filter>csv_classes</Filter>
    </ClCompile>
    <ClCompile Include="..\Classes\DataManager\GenerateData\GoodsPricePercentData.cpp">
      <Filter>csv_classes</Filter>
    </ClCompile>
    <ClCompile Include="..\Classes\DataManager\GenerateData\ShipData.cpp">
      <Filter>csv_classes</Filter>
    </ClCompile>
    <ClCompile Include="..\Classes\DataManager\GenerateData\ShipSizeData.cpp">
      <Filter>csv_classes</Filter>
    </ClCompile>
    <ClCompile Include="..\Classes\DataManager\GenerateData\ShipStyleData.cpp">
      <Filter>csv_classes</Filter>
    </ClCompile>
    <ClCompile Include="..\Classes\DataManager\GenerateData\ShipTeamData.cpp">
      <Filter>csv_classes</Filter>
    </ClCompile>
  </ItemGroup>
  <ItemGroup>
    <ClInclude Include="main.h">
      <Filter>win32</Filter>
    </ClInclude>
    <ClInclude Include="..\..\PlotEditor\SHPlotBuilder.h">
      <Filter>SailingHeroAPI</Filter>
    </ClInclude>
    <ClInclude Include="..\Classes\UIElement\Sprite\SHColorNode.hpp">
      <Filter>deps</Filter>
    </ClInclude>
    <ClInclude Include="..\..\PlotEditor\SHDirector.h">
      <Filter>SailingHeroAPI</Filter>
    </ClInclude>
    <ClInclude Include="..\..\PlotEditor\SHScenario.h">
      <Filter>SailingHeroAPI</Filter>
    </ClInclude>
    <ClInclude Include="..\Classes\Sys\LocalizationHelper.hpp">
      <Filter>deps</Filter>
    </ClInclude>
    <ClInclude Include="..\..\PlotEditor\SHAppDelegate.h">
      <Filter>SailingHeroAPI</Filter>
    </ClInclude>
    <ClInclude Include="..\..\PlotEditor\SHCommand.h">
      <Filter>SailingHeroAPI</Filter>
    </ClInclude>
    <ClInclude Include="..\Classes\UIElement\Sprite\SHScene.hpp">
      <Filter>deps</Filter>
    </ClInclude>
    <ClInclude Include="..\..\PlotEditor\GameData\Utils.hpp">
      <Filter>csv_classes</Filter>
    </ClInclude>
    <ClInclude Include="..\..\PlotEditor\GameData\BaseData.h">
      <Filter>csv_classes</Filter>
    </ClInclude>
    <ClInclude Include="..\Classes\DataManager\GenerateData\AbilityData.hpp">
      <Filter>csv_classes</Filter>
    </ClInclude>
    <ClInclude Include="..\Classes\DataManager\GenerateData\CannonData.hpp">
      <Filter>csv_classes</Filter>
    </ClInclude>
    <ClInclude Include="..\Classes\DataManager\GenerateData\CategoryUpdateData.hpp">
      <Filter>csv_classes</Filter>
    </ClInclude>
    <ClInclude Include="..\Classes\DataManager\GenerateData\CityBuildingData.hpp">
      <Filter>csv_classes</Filter>
    </ClInclude>
    <ClInclude Include="..\Classes\DataManager\GenerateData\CityData.hpp">
      <Filter>csv_classes</Filter>
    </ClInclude>
    <ClInclude Include="..\Classes\DataManager\GenerateData\CityGoodsData.hpp">
      <Filter>csv_classes</Filter>
    </ClInclude>
    <ClInclude Include="..\Classes\DataManager\GenerateData\CityStatusData.hpp">
      <Filter>csv_classes</Filter>
    </ClInclude>
    <ClInclude Include="..\Classes\DataManager\GenerateData\CityTypeData.hpp">
      <Filter>csv_classes</Filter>
    </ClInclude>
    <ClInclude Include="..\Classes\DataManager\GenerateData\CultureData.hpp">
      <Filter>csv_classes</Filter>
    </ClInclude>
    <ClInclude Include="..\Classes\DataManager\GenerateData\DialogData.hpp">
      <Filter>csv_classes</Filter>
    </ClInclude>
    <ClInclude Include="..\Classes\DataManager\GenerateData\GameData.hpp">
      <Filter>csv_classes</Filter>
    </ClInclude>
    <ClInclude Include="..\Classes\DataManager\GenerateData\GenderData.hpp">
      <Filter>csv_classes</Filter>
    </ClInclude>
    <ClInclude Include="..\Classes\DataManager\GenerateData\GoodsCategoryData.hpp">
      <Filter>csv_classes</Filter>
    </ClInclude>
    <ClInclude Include="..\Classes\DataManager\GenerateData\GoodsData.hpp">
      <Filter>csv_classes</Filter>
    </ClInclude>
    <ClInclude Include="..\Classes\DataManager\GenerateData\GuildData.hpp">
      <Filter>csv_classes</Filter>
    </ClInclude>
    <ClInclude Include="..\Classes\DataManager\GenerateData\HeroData.hpp">
      <Filter>csv_classes</Filter>
    </ClInclude>
    <ClInclude Include="..\Classes\DataManager\GenerateData\HeroSelectData.hpp">
      <Filter>csv_classes</Filter>
    </ClInclude>
    <ClInclude Include="..\Classes\DataManager\GenerateData\ItemCategoryData.hpp">
      <Filter>csv_classes</Filter>
    </ClInclude>
    <ClInclude Include="..\Classes\DataManager\GenerateData\ItemData.hpp">
      <Filter>csv_classes</Filter>
    </ClInclude>
    <ClInclude Include="..\Classes\DataManager\GenerateData\SystemButtonData.hpp">
      <Filter>csv_classes</Filter>
    </ClInclude>
    <ClInclude Include="..\Classes\DataManager\GenerateData\TownPhotoData.hpp">
      <Filter>csv_classes</Filter>
    </ClInclude>
    <ClInclude Include="..\Classes\DataManager\GenerateData\ZodiacData.hpp">
      <Filter>csv_classes</Filter>
    </ClInclude>
    <ClInclude Include="..\..\PlotEditor\StringParser.h">
      <Filter>SailingHeroAPI</Filter>
    </ClInclude>
    <ClInclude Include="..\..\PlotEditor\SHPlotContext.h">
      <Filter>SailingHeroAPI</Filter>
    </ClInclude>
    <ClInclude Include="..\..\PlotEditor\UI\Button.h">
      <Filter>UI</Filter>
    </ClInclude>
    <ClInclude Include="..\..\PlotEditor\UI\Dialog.h">
      <Filter>UI</Filter>
    </ClInclude>
    <ClInclude Include="..\..\PlotEditor\UI\MultiSelectList.h">
      <Filter>UI</Filter>
    </ClInclude>
    <ClInclude Include="..\..\PlotEditor\UI\HeroSelectionScene.h">
      <Filter>UI</Filter>
    </ClInclude>
    <ClInclude Include="..\..\PlotEditor\SHSoundManager.h">
      <Filter>SailingHeroAPI</Filter>
    </ClInclude>
    <ClInclude Include="..\Classes\DataManager\GenerateData\SHDataManager.hpp">
      <Filter>SailingHeroAPI</Filter>
    </ClInclude>
    <ClInclude Include="..\Classes\DataManager\GenerateData\AreaData.hpp">
      <Filter>csv_classes</Filter>
    </ClInclude>
    <ClInclude Include="..\Classes\DataManager\GenerateData\GoodsBasePriceData.hpp">
      <Filter>csv_classes</Filter>
    </ClInclude>
    <ClInclude Include="..\Classes\DataManager\GenerateData\GoodsPricePercentData.hpp">
      <Filter>csv_classes</Filter>
    </ClInclude>
    <ClInclude Include="..\Classes\DataManager\GenerateData\ShipData.hpp">
      <Filter>csv_classes</Filter>
    </ClInclude>
    <ClInclude Include="..\Classes\DataManager\GenerateData\ShipSizeData.hpp">
      <Filter>csv_classes</Filter>
    </ClInclude>
    <ClInclude Include="..\Classes\DataManager\GenerateData\ShipStyleData.hpp">
      <Filter>csv_classes</Filter>
    </ClInclude>
    <ClInclude Include="..\Classes\DataManager\GenerateData\ShipTeamData.hpp">
      <Filter>csv_classes</Filter>
    </ClInclude>
  </ItemGroup>
  <ItemGroup>
    <ResourceCompile Include="game.rc">
      <Filter>resource</Filter>
    </ResourceCompile>
  </ItemGroup>
  <ItemGroup>
    <None Include="..\Resources\plot.csv">
      <Filter>csv_plot</Filter>
    </None>
    <None Include="..\DataSource\BaseExcel\cannon.csv">
      <Filter>csv</Filter>
    </None>
    <None Include="..\DataSource\BaseExcel\categoryUpdate.csv">
      <Filter>csv</Filter>
    </None>
    <None Include="..\DataSource\BaseExcel\city.csv">
      <Filter>csv</Filter>
    </None>
    <None Include="..\DataSource\BaseExcel\cityBuilding.csv">
      <Filter>csv</Filter>
    </None>
    <None Include="..\DataSource\BaseExcel\cityGoods.csv">
      <Filter>csv</Filter>
    </None>
    <None Include="..\DataSource\BaseExcel\cityStatus.csv">
      <Filter>csv</Filter>
    </None>
    <None Include="..\DataSource\BaseExcel\cityType.csv">
      <Filter>csv</Filter>
    </None>
    <None Include="..\DataSource\BaseExcel\culture.csv">
      <Filter>csv</Filter>
    </None>
    <None Include="..\DataSource\BaseExcel\game.csv">
      <Filter>csv</Filter>
    </None>
    <None Include="..\DataSource\BaseExcel\gender.csv">
      <Filter>csv</Filter>
    </None>
    <None Include="..\DataSource\BaseExcel\goods.csv">
      <Filter>csv</Filter>
    </None>
    <None Include="..\DataSource\BaseExcel\goodsCategory.csv">
      <Filter>csv</Filter>
    </None>
    <None Include="..\DataSource\BaseExcel\guild.csv">
      <Filter>csv</Filter>
    </None>
    <None Include="..\DataSource\BaseExcel\hero.csv">
      <Filter>csv</Filter>
    </None>
    <None Include="..\DataSource\BaseExcel\heroSelect.csv">
      <Filter>csv</Filter>
    </None>
    <None Include="..\DataSource\BaseExcel\item.csv">
      <Filter>csv</Filter>
    </None>
    <None Include="..\DataSource\BaseExcel\itemCategory.csv">
      <Filter>csv</Filter>
    </None>
    <None Include="..\DataSource\BaseExcel\systemButton.csv">
      <Filter>csv</Filter>
    </None>
    <None Include="..\DataSource\BaseExcel\zodiac.csv">
      <Filter>csv</Filter>
    </None>
    <None Include="..\DataSource\BaseExcel\ability.csv">
      <Filter>csv</Filter>
    </None>
    <None Include="..\DataSource\BaseExcel\dialog.csv">
      <Filter>csv</Filter>
    </None>
    <None Include="..\DataSource\Base\translation.csv">
      <Filter>csv</Filter>
    </None>
  </ItemGroup>
  <ItemGroup>
    <Text Include="..\..\PlotEditor\TODO.txt" />
  </ItemGroup>
</Project>